
Microsoft Visual Studio Solution File, Format Version 11.00
# Visual Studio 2010
Project("{FAE04EC0-301F-11D3-BF4B-00C04F79EFBC}") = "IE Portrait Manager", "IE Portrait Manager\IE Portrait Manager.csproj", "{81FC6557-52CA-4B97-A462-96C68F6A3AC1}"
EndProject
Project("{2150E333-8FDC-42A3-9474-1A3956D46DE8}") = "Solution Items", "Solution Items", "{FF019CAC-6D59-42F0-A98B-9A4FC668BF53}"
EndProject
Global
	GlobalSection(SolutionConfigurationPlatforms) = preSolution
		Debug|x86 = Debug|x86
		Release|x86 = Release|x86
	EndGlobalSection
	GlobalSection(ProjectConfigurationPlatforms) = postSolution
		{81FC6557-52CA-4B97-A462-96C68F6A3AC1}.Debug|x86.ActiveCfg = Debug|x86
		{81FC6557-52CA-4B97-A462-96C68F6A3AC1}.Debug|x86.Build.0 = Debug|x86
		{81FC6557-52CA-4B97-A462-96C68F6A3AC1}.Release|x86.ActiveCfg = Release|x86
		{81FC6557-52CA-4B97-A462-96C68F6A3AC1}.Release|x86.Build.0 = Release|x86
	EndGlobalSection
	GlobalSection(SolutionProperties) = preSolution
		HideSolutionNode = FALSE
	EndGlobalSection
EndGlobal
